// !$*UTF8*$!
{
	archiveVersion = 1;
	classes = {
	};
	objectVersion = 46;
	objects = {

/* Begin PBXBuildFile section */
		AE601A301B98B158005D6968 /* ReminderDetailViewController.m in Sources */ = {isa = PBXBuildFile; fileRef = AE601A2F1B98B158005D6968 /* ReminderDetailViewController.m */; };
		AE601A361B98C60F005D6968 /* keys.m in Sources */ = {isa = PBXBuildFile; fileRef = AE601A351B98C60F005D6968 /* keys.m */; };
		AE7535F01B9D03DF00A6731D /* locationItem.m in Sources */ = {isa = PBXBuildFile; fileRef = AE7535EF1B9D03DF00A6731D /* locationItem.m */; };
		AEA9F5791B96046B00724D98 /* Stack.m in Sources */ = {isa = PBXBuildFile; fileRef = AEA9F5781B96046B00724D98 /* Stack.m */; };
		AEC342811B951E7100D5638E /* main.m in Sources */ = {isa = PBXBuildFile; fileRef = AEC342801B951E7100D5638E /* main.m */; };
		AEC342841B951E7100D5638E /* AppDelegate.m in Sources */ = {isa = PBXBuildFile; fileRef = AEC342831B951E7100D5638E /* AppDelegate.m */; };
		AEC342871B951E7100D5638E /* ViewController.m in Sources */ = {isa = PBXBuildFile; fileRef = AEC342861B951E7100D5638E /* ViewController.m */; };
		AEC3428A1B951E7100D5638E /* Main.storyboard in Resources */ = {isa = PBXBuildFile; fileRef = AEC342881B951E7100D5638E /* Main.storyboard */; };
		AEC3428C1B951E7100D5638E /* Images.xcassets in Resources */ = {isa = PBXBuildFile; fileRef = AEC3428B1B951E7100D5638E /* Images.xcassets */; };
		AEC3428F1B951E7100D5638E /* LaunchScreen.xib in Resources */ = {isa = PBXBuildFile; fileRef = AEC3428D1B951E7100D5638E /* LaunchScreen.xib */; };
		AEC3429B1B951E7100D5638E /* MapReminderTests.m in Sources */ = {isa = PBXBuildFile; fileRef = AEC3429A1B951E7100D5638E /* MapReminderTests.m */; };
		AEC342A51B951E7900D5638E /* MapKit.framework in Frameworks */ = {isa = PBXBuildFile; fileRef = AEC342A41B951E7900D5638E /* MapKit.framework */; };
		AEDCC0B51B978BCC00D38467 /* Bolts.framework in Frameworks */ = {isa = PBXBuildFile; fileRef = AEDCC0B31B978BCC00D38467 /* Bolts.framework */; };
		AEDCC0B61B978BCC00D38467 /* Parse.framework in Frameworks */ = {isa = PBXBuildFile; fileRef = AEDCC0B41B978BCC00D38467 /* Parse.framework */; };
		AEDCC0C21B978CBB00D38467 /* AudioToolbox.framework in Frameworks */ = {isa = PBXBuildFile; fileRef = AEDCC0B81B978CBB00D38467 /* AudioToolbox.framework */; };
		AEDCC0C31B978CBB00D38467 /* CFNetwork.framework in Frameworks */ = {isa = PBXBuildFile; fileRef = AEDCC0B91B978CBB00D38467 /* CFNetwork.framework */; };
		AEDCC0C41B978CBB00D38467 /* CoreGraphics.framework in Frameworks */ = {isa = PBXBuildFile; fileRef = AEDCC0BA1B978CBB00D38467 /* CoreGraphics.framework */; };
		AEDCC0C51B978CBB00D38467 /* CoreLocation.framework in Frameworks */ = {isa = PBXBuildFile; fileRef = AEDCC0BB1B978CBB00D38467 /* CoreLocation.framework */; };
		AEDCC0C61B978CBB00D38467 /* libsqlite3.dylib in Frameworks */ = {isa = PBXBuildFile; fileRef = AEDCC0BC1B978CBB00D38467 /* libsqlite3.dylib */; };
		AEDCC0C71B978CBB00D38467 /* libz.dylib in Frameworks */ = {isa = PBXBuildFile; fileRef = AEDCC0BD1B978CBB00D38467 /* libz.dylib */; };
		AEDCC0C81B978CBB00D38467 /* QuartzCore.framework in Frameworks */ = {isa = PBXBuildFile; fileRef = AEDCC0BE1B978CBB00D38467 /* QuartzCore.framework */; };
		AEDCC0C91B978CBB00D38467 /* Security.framework in Frameworks */ = {isa = PBXBuildFile; fileRef = AEDCC0BF1B978CBB00D38467 /* Security.framework */; };
		AEDCC0CA1B978CBB00D38467 /* StoreKit.framework in Frameworks */ = {isa = PBXBuildFile; fileRef = AEDCC0C01B978CBB00D38467 /* StoreKit.framework */; };
		AEDCC0CB1B978CBB00D38467 /* SystemConfiguration.framework in Frameworks */ = {isa = PBXBuildFile; fileRef = AEDCC0C11B978CBB00D38467 /* SystemConfiguration.framework */; };
		AEEE36CC1B99668C001D5EB1 /* ParseUI.framework in Frameworks */ = {isa = PBXBuildFile; fileRef = AEEE36CB1B99668C001D5EB1 /* ParseUI.framework */; };
/* End PBXBuildFile section */

/* Begin PBXContainerItemProxy section */
		AEC342951B951E7100D5638E /* PBXContainerItemProxy */ = {
			isa = PBXContainerItemProxy;
			containerPortal = AEC342731B951E7100D5638E /* Project object */;
			proxyType = 1;
			remoteGlobalIDString = AEC3427A1B951E7100D5638E;
			remoteInfo = MapReminder;
		};
/* End PBXContainerItemProxy section */

/* Begin PBXFileReference section */
		AE601A2E1B98B158005D6968 /* ReminderDetailViewController.h */ = {isa = PBXFileReference; fileEncoding = 4; lastKnownFileType = sourcecode.c.h; path = ReminderDetailViewController.h; sourceTree = "<group>"; };
		AE601A2F1B98B158005D6968 /* ReminderDetailViewController.m */ = {isa = PBXFileReference; fileEncoding = 4; lastKnownFileType = sourcecode.c.objc; path = ReminderDetailViewController.m; sourceTree = "<group>"; };
		AE601A341B98C60F005D6968 /* keys.h */ = {isa = PBXFileReference; fileEncoding = 4; lastKnownFileType = sourcecode.c.h; name = keys.h; path = ../keys.h; sourceTree = "<group>"; };
		AE601A351B98C60F005D6968 /* keys.m */ = {isa = PBXFileReference; fileEncoding = 4; lastKnownFileType = sourcecode.c.objc; name = keys.m; path = ../keys.m; sourceTree = "<group>"; };
		AE7535EE1B9D03DF00A6731D /* locationItem.h */ = {isa = PBXFileReference; fileEncoding = 4; lastKnownFileType = sourcecode.c.h; path = locationItem.h; sourceTree = "<group>"; };
		AE7535EF1B9D03DF00A6731D /* locationItem.m */ = {isa = PBXFileReference; fileEncoding = 4; lastKnownFileType = sourcecode.c.objc; path = locationItem.m; sourceTree = "<group>"; };
		AEA9F5771B96046B00724D98 /* Stack.h */ = {isa = PBXFileReference; fileEncoding = 4; lastKnownFileType = sourcecode.c.h; path = Stack.h; sourceTree = "<group>"; };
		AEA9F5781B96046B00724D98 /* Stack.m */ = {isa = PBXFileReference; fileEncoding = 4; lastKnownFileType = sourcecode.c.objc; path = Stack.m; sourceTree = "<group>"; };
		AEC3427B1B951E7100D5638E /* MapReminder.app */ = {isa = PBXFileReference; explicitFileType = wrapper.application; includeInIndex = 0; path = MapReminder.app; sourceTree = BUILT_PRODUCTS_DIR; };
		AEC3427F1B951E7100D5638E /* Info.plist */ = {isa = PBXFileReference; lastKnownFileType = text.plist.xml; path = Info.plist; sourceTree = "<group>"; };
		AEC342801B951E7100D5638E /* main.m */ = {isa = PBXFileReference; lastKnownFileType = sourcecode.c.objc; path = main.m; sourceTree = "<group>"; };
		AEC342821B951E7100D5638E /* AppDelegate.h */ = {isa = PBXFileReference; lastKnownFileType = sourcecode.c.h; path = AppDelegate.h; sourceTree = "<group>"; };
		AEC342831B951E7100D5638E /* AppDelegate.m */ = {isa = PBXFileReference; lastKnownFileType = sourcecode.c.objc; path = AppDelegate.m; sourceTree = "<group>"; };
		AEC342851B951E7100D5638E /* ViewController.h */ = {isa = PBXFileReference; lastKnownFileType = sourcecode.c.h; path = ViewController.h; sourceTree = "<group>"; };
		AEC342861B951E7100D5638E /* ViewController.m */ = {isa = PBXFileReference; lastKnownFileType = sourcecode.c.objc; path = ViewController.m; sourceTree = "<group>"; };
		AEC342891B951E7100D5638E /* Base */ = {isa = PBXFileReference; lastKnownFileType = file.storyboard; name = Base; path = Base.lproj/Main.storyboard; sourceTree = "<group>"; };
		AEC3428B1B951E7100D5638E /* Images.xcassets */ = {isa = PBXFileReference; lastKnownFileType = folder.assetcatalog; path = Images.xcassets; sourceTree = "<group>"; };
		AEC3428E1B951E7100D5638E /* Base */ = {isa = PBXFileReference; lastKnownFileType = file.xib; name = Base; path = Base.lproj/LaunchScreen.xib; sourceTree = "<group>"; };
		AEC342941B951E7100D5638E /* MapReminderTests.xctest */ = {isa = PBXFileReference; explicitFileType = wrapper.cfbundle; includeInIndex = 0; path = MapReminderTests.xctest; sourceTree = BUILT_PRODUCTS_DIR; };
		AEC342991B951E7100D5638E /* Info.plist */ = {isa = PBXFileReference; lastKnownFileType = text.plist.xml; path = Info.plist; sourceTree = "<group>"; };
		AEC3429A1B951E7100D5638E /* MapReminderTests.m */ = {isa = PBXFileReference; lastKnownFileType = sourcecode.c.objc; path = MapReminderTests.m; sourceTree = "<group>"; };
		AEC342A41B951E7900D5638E /* MapKit.framework */ = {isa = PBXFileReference; lastKnownFileType = wrapper.framework; name = MapKit.framework; path = System/Library/Frameworks/MapKit.framework; sourceTree = SDKROOT; };
		AEDCC0B31B978BCC00D38467 /* Bolts.framework */ = {isa = PBXFileReference; lastKnownFileType = wrapper.framework; path = Bolts.framework; sourceTree = "<group>"; };
		AEDCC0B41B978BCC00D38467 /* Parse.framework */ = {isa = PBXFileReference; lastKnownFileType = wrapper.framework; path = Parse.framework; sourceTree = "<group>"; };
		AEDCC0B81B978CBB00D38467 /* AudioToolbox.framework */ = {isa = PBXFileReference; lastKnownFileType = wrapper.framework; name = AudioToolbox.framework; path = System/Library/Frameworks/AudioToolbox.framework; sourceTree = SDKROOT; };
		AEDCC0B91B978CBB00D38467 /* CFNetwork.framework */ = {isa = PBXFileReference; lastKnownFileType = wrapper.framework; name = CFNetwork.framework; path = System/Library/Frameworks/CFNetwork.framework; sourceTree = SDKROOT; };
		AEDCC0BA1B978CBB00D38467 /* CoreGraphics.framework */ = {isa = PBXFileReference; lastKnownFileType = wrapper.framework; name = CoreGraphics.framework; path = System/Library/Frameworks/CoreGraphics.framework; sourceTree = SDKROOT; };
		AEDCC0BB1B978CBB00D38467 /* CoreLocation.framework */ = {isa = PBXFileReference; lastKnownFileType = wrapper.framework; name = CoreLocation.framework; path = System/Library/Frameworks/CoreLocation.framework; sourceTree = SDKROOT; };
		AEDCC0BC1B978CBB00D38467 /* libsqlite3.dylib */ = {isa = PBXFileReference; lastKnownFileType = "compiled.mach-o.dylib"; name = libsqlite3.dylib; path = usr/lib/libsqlite3.dylib; sourceTree = SDKROOT; };
		AEDCC0BD1B978CBB00D38467 /* libz.dylib */ = {isa = PBXFileReference; lastKnownFileType = "compiled.mach-o.dylib"; name = libz.dylib; path = usr/lib/libz.dylib; sourceTree = SDKROOT; };
		AEDCC0BE1B978CBB00D38467 /* QuartzCore.framework */ = {isa = PBXFileReference; lastKnownFileType = wrapper.framework; name = QuartzCore.framework; path = System/Library/Frameworks/QuartzCore.framework; sourceTree = SDKROOT; };
		AEDCC0BF1B978CBB00D38467 /* Security.framework */ = {isa = PBXFileReference; lastKnownFileType = wrapper.framework; name = Security.framework; path = System/Library/Frameworks/Security.framework; sourceTree = SDKROOT; };
		AEDCC0C01B978CBB00D38467 /* StoreKit.framework */ = {isa = PBXFileReference; lastKnownFileType = wrapper.framework; name = StoreKit.framework; path = System/Library/Frameworks/StoreKit.framework; sourceTree = SDKROOT; };
		AEDCC0C11B978CBB00D38467 /* SystemConfiguration.framework */ = {isa = PBXFileReference; lastKnownFileType = wrapper.framework; name = SystemConfiguration.framework; path = System/Library/Frameworks/SystemConfiguration.framework; sourceTree = SDKROOT; };
		AEEE36CB1B99668C001D5EB1 /* ParseUI.framework */ = {isa = PBXFileReference; lastKnownFileType = wrapper.framework; path = ParseUI.framework; sourceTree = "<group>"; };
/* End PBXFileReference section */

/* Begin PBXFrameworksBuildPhase section */
		AEC342781B951E7100D5638E /* Frameworks */ = {
			isa = PBXFrameworksBuildPhase;
			buildActionMask = 2147483647;
			files = (
				AEDCC0C21B978CBB00D38467 /* AudioToolbox.framework in Frameworks */,
				AEDCC0C31B978CBB00D38467 /* CFNetwork.framework in Frameworks */,
				AEEE36CC1B99668C001D5EB1 /* ParseUI.framework in Frameworks */,
				AEDCC0C41B978CBB00D38467 /* CoreGraphics.framework in Frameworks */,
				AEDCC0C51B978CBB00D38467 /* CoreLocation.framework in Frameworks */,
				AEDCC0C61B978CBB00D38467 /* libsqlite3.dylib in Frameworks */,
				AEDCC0C71B978CBB00D38467 /* libz.dylib in Frameworks */,
				AEDCC0C81B978CBB00D38467 /* QuartzCore.framework in Frameworks */,
				AEDCC0C91B978CBB00D38467 /* Security.framework in Frameworks */,
				AEDCC0CA1B978CBB00D38467 /* StoreKit.framework in Frameworks */,
				AEDCC0CB1B978CBB00D38467 /* SystemConfiguration.framework in Frameworks */,
				AEC342A51B951E7900D5638E /* MapKit.framework in Frameworks */,
				AEDCC0B61B978BCC00D38467 /* Parse.framework in Frameworks */,
				AEDCC0B51B978BCC00D38467 /* Bolts.framework in Frameworks */,
			);
			runOnlyForDeploymentPostprocessing = 0;
		};
		AEC342911B951E7100D5638E /* Frameworks */ = {
			isa = PBXFrameworksBuildPhase;
			buildActionMask = 2147483647;
			files = (
			);
			runOnlyForDeploymentPostprocessing = 0;
		};
/* End PBXFrameworksBuildPhase section */

/* Begin PBXGroup section */
		AEC342721B951E7100D5638E = {
			isa = PBXGroup;
			children = (
				AEDCC0B71B978BD300D38467 /* Framework */,
				AEC3427D1B951E7100D5638E /* MapReminder */,
				AEC342971B951E7100D5638E /* MapReminderTests */,
				AEC3427C1B951E7100D5638E /* Products */,
			);
			sourceTree = "<group>";
		};
		AEC3427C1B951E7100D5638E /* Products */ = {
			isa = PBXGroup;
			children = (
				AEC3427B1B951E7100D5638E /* MapReminder.app */,
				AEC342941B951E7100D5638E /* MapReminderTests.xctest */,
			);
			name = Products;
			sourceTree = "<group>";
		};
		AEC3427D1B951E7100D5638E /* MapReminder */ = {
			isa = PBXGroup;
			children = (
				AEC342821B951E7100D5638E /* AppDelegate.h */,
				AEC342831B951E7100D5638E /* AppDelegate.m */,
				AEC342851B951E7100D5638E /* ViewController.h */,
				AEC342861B951E7100D5638E /* ViewController.m */,
				AE601A2E1B98B158005D6968 /* ReminderDetailViewController.h */,
				AE601A2F1B98B158005D6968 /* ReminderDetailViewController.m */,
				AE7535EE1B9D03DF00A6731D /* locationItem.h */,
				AE7535EF1B9D03DF00A6731D /* locationItem.m */,
				AEA9F5771B96046B00724D98 /* Stack.h */,
				AEA9F5781B96046B00724D98 /* Stack.m */,
				AEC342881B951E7100D5638E /* Main.storyboard */,
				AEC3428B1B951E7100D5638E /* Images.xcassets */,
				AEC3428D1B951E7100D5638E /* LaunchScreen.xib */,
				AEC3427E1B951E7100D5638E /* Supporting Files */,
			);
			path = MapReminder;
			sourceTree = "<group>";
		};
		AEC3427E1B951E7100D5638E /* Supporting Files */ = {
			isa = PBXGroup;
			children = (
				AE601A341B98C60F005D6968 /* keys.h */,
				AE601A351B98C60F005D6968 /* keys.m */,
				AEC3427F1B951E7100D5638E /* Info.plist */,
				AEC342801B951E7100D5638E /* main.m */,
			);
			name = "Supporting Files";
			sourceTree = "<group>";
		};
		AEC342971B951E7100D5638E /* MapReminderTests */ = {
			isa = PBXGroup;
			children = (
				AEC3429A1B951E7100D5638E /* MapReminderTests.m */,
				AEC342981B951E7100D5638E /* Supporting Files */,
			);
			path = MapReminderTests;
			sourceTree = "<group>";
		};
		AEC342981B951E7100D5638E /* Supporting Files */ = {
			isa = PBXGroup;
			children = (
				AEC342991B951E7100D5638E /* Info.plist */,
			);
			name = "Supporting Files";
			sourceTree = "<group>";
		};
		AEDCC0B71B978BD300D38467 /* Framework */ = {
			isa = PBXGroup;
			children = (
				AEEE36CB1B99668C001D5EB1 /* ParseUI.framework */,
				AEDCC0B81B978CBB00D38467 /* AudioToolbox.framework */,
				AEDCC0B91B978CBB00D38467 /* CFNetwork.framework */,
				AEDCC0BA1B978CBB00D38467 /* CoreGraphics.framework */,
				AEDCC0BB1B978CBB00D38467 /* CoreLocation.framework */,
				AEDCC0BC1B978CBB00D38467 /* libsqlite3.dylib */,
				AEDCC0BD1B978CBB00D38467 /* libz.dylib */,
				AEDCC0BE1B978CBB00D38467 /* QuartzCore.framework */,
				AEDCC0BF1B978CBB00D38467 /* Security.framework */,
				AEDCC0C01B978CBB00D38467 /* StoreKit.framework */,
				AEDCC0C11B978CBB00D38467 /* SystemConfiguration.framework */,
				AEDCC0B31B978BCC00D38467 /* Bolts.framework */,
				AEDCC0B41B978BCC00D38467 /* Parse.framework */,
				AEC342A41B951E7900D5638E /* MapKit.framework */,
			);
			name = Framework;
			sourceTree = "<group>";
		};
/* End PBXGroup section */

/* Begin PBXNativeTarget section */
		AEC3427A1B951E7100D5638E /* MapReminder */ = {
			isa = PBXNativeTarget;
			buildConfigurationList = AEC3429E1B951E7100D5638E /* Build configuration list for PBXNativeTarget "MapReminder" */;
			buildPhases = (
				AEC342771B951E7100D5638E /* Sources */,
				AEC342781B951E7100D5638E /* Frameworks */,
				AEC342791B951E7100D5638E /* Resources */,
			);
			buildRules = (
			);
			dependencies = (
			);
			name = MapReminder;
			productName = MapReminder;
			productReference = AEC3427B1B951E7100D5638E /* MapReminder.app */;
			productType = "com.apple.product-type.application";
		};
		AEC342931B951E7100D5638E /* MapReminderTests */ = {
			isa = PBXNativeTarget;
			buildConfigurationList = AEC342A11B951E7100D5638E /* Build configuration list for PBXNativeTarget "MapReminderTests" */;
			buildPhases = (
				AEC342901B951E7100D5638E /* Sources */,
				AEC342911B951E7100D5638E /* Frameworks */,
				AEC342921B951E7100D5638E /* Resources */,
			);
			buildRules = (
			);
			dependencies = (
				AEC342961B951E7100D5638E /* PBXTargetDependency */,
			);
			name = MapReminderTests;
			productName = MapReminderTests;
			productReference = AEC342941B951E7100D5638E /* MapReminderTests.xctest */;
			productType = "com.apple.product-type.bundle.unit-test";
		};
/* End PBXNativeTarget section */

/* Begin PBXProject section */
		AEC342731B951E7100D5638E /* Project object */ = {
			isa = PBXProject;
			attributes = {
				LastUpgradeCheck = 0640;
				ORGANIZATIONNAME = "Mark Lin";
				TargetAttributes = {
					AEC3427A1B951E7100D5638E = {
						CreatedOnToolsVersion = 6.4;
						SystemCapabilities = {
							com.apple.Maps.iOS = {
								enabled = 1;
							};
						};
					};
					AEC342931B951E7100D5638E = {
						CreatedOnToolsVersion = 6.4;
						TestTargetID = AEC3427A1B951E7100D5638E;
					};
				};
			};
			buildConfigurationList = AEC342761B951E7100D5638E /* Build configuration list for PBXProject "MapReminder" */;
			compatibilityVersion = "Xcode 3.2";
			developmentRegion = English;
			hasScannedForEncodings = 0;
			knownRegions = (
				en,
				Base,
			);
			mainGroup = AEC342721B951E7100D5638E;
			productRefGroup = AEC3427C1B951E7100D5638E /* Products */;
			projectDirPath = "";
			projectRoot = "";
			targets = (
				AEC3427A1B951E7100D5638E /* MapReminder */,
				AEC342931B951E7100D5638E /* MapReminderTests */,
			);
		};
/* End PBXProject section */

/* Begin PBXResourcesBuildPhase section */
		AEC342791B951E7100D5638E /* Resources */ = {
			isa = PBXResourcesBuildPhase;
			buildActionMask = 2147483647;
			files = (
				AEC3428A1B951E7100D5638E /* Main.storyboard in Resources */,
				AEC3428F1B951E7100D5638E /* LaunchScreen.xib in Resources */,
				AEC3428C1B951E7100D5638E /* Images.xcassets in Resources */,
			);
			runOnlyForDeploymentPostprocessing = 0;
		};
		AEC342921B951E7100D5638E /* Resources */ = {
			isa = PBXResourcesBuildPhase;
			buildActionMask = 2147483647;
			files = (
			);
			runOnlyForDeploymentPostprocessing = 0;
		};
/* End PBXResourcesBuildPhase section */

/* Begin PBXSourcesBuildPhase section */
		AEC342771B951E7100D5638E /* Sources */ = {
			isa = PBXSourcesBuildPhase;
			buildActionMask = 2147483647;
			files = (
				AEA9F5791B96046B00724D98 /* Stack.m in Sources */,
				AEC342871B951E7100D5638E /* ViewController.m in Sources */,
				AE601A301B98B158005D6968 /* ReminderDetailViewController.m in Sources */,
				AE601A361B98C60F005D6968 /* keys.m in Sources */,
				AE7535F01B9D03DF00A6731D /* locationItem.m in Sources */,
				AEC342841B951E7100D5638E /* AppDelegate.m in Sources */,
				AEC342811B951E7100D5638E /* main.m in Sources */,
			);
			runOnlyForDeploymentPostprocessing = 0;
		};
		AEC342901B951E7100D5638E /* Sources */ = {
			isa = PBXSourcesBuildPhase;
			buildActionMask = 2147483647;
			files = (
				AEC3429B1B951E7100D5638E /* MapReminderTests.m in Sources */,
			);
			runOnlyForDeploymentPostprocessing = 0;
		};
/* End PBXSourcesBuildPhase section */

/* Begin PBXTargetDependency section */
		AEC342961B951E7100D5638E /* PBXTargetDependency */ = {
			isa = PBXTargetDependency;
			target = AEC3427A1B951E7100D5638E /* MapReminder */;
			targetProxy = AEC342951B951E7100D5638E /* PBXContainerItemProxy */;
		};
/* End PBXTargetDependency section */

/* Begin PBXVariantGroup section */
		AEC342881B951E7100D5638E /* Main.storyboard */ = {
			isa = PBXVariantGroup;
			children = (
				AEC342891B951E7100D5638E /* Base */,
			);
			name = Main.storyboard;
			sourceTree = "<group>";
		};
		AEC3428D1B951E7100D5638E /* LaunchScreen.xib */ = {
			isa = PBXVariantGroup;
			children = (
				AEC3428E1B951E7100D5638E /* Base */,
			);
			name = LaunchScreen.xib;
			sourceTree = "<group>";
		};
/* End PBXVariantGroup section */

/* Begin XCBuildConfiguration section */
		AEC3429C1B951E7100D5638E /* Debug */ = {
			isa = XCBuildConfiguration;
			buildSettings = {
				ALWAYS_SEARCH_USER_PATHS = NO;
				CLANG_CXX_LANGUAGE_STANDARD = "gnu++0x";
				CLANG_CXX_LIBRARY = "libc++";
				CLANG_ENABLE_MODULES = YES;
				CLANG_ENABLE_OBJC_ARC = YES;
				CLANG_WARN_BOOL_CONVERSION = YES;
				CLANG_WARN_CONSTANT_CONVERSION = YES;
				CLANG_WARN_DIRECT_OBJC_ISA_USAGE = YES_ERROR;
				CLANG_WARN_EMPTY_BODY = YES;
				CLANG_WARN_ENUM_CONVERSION = YES;
				CLANG_WARN_INT_CONVERSION = YES;
				CLANG_WARN_OBJC_ROOT_CLASS = YES_ERROR;
				CLANG_WARN_UNREACHABLE_CODE = YES;
				CLANG_WARN__DUPLICATE_METHOD_MATCH = YES;
				"CODE_SIGN_IDENTITY[sdk=iphoneos*]" = "iPhone Developer";
				COPY_PHASE_STRIP = NO;
				DEBUG_INFORMATION_FORMAT = "dwarf-with-dsym";
				ENABLE_STRICT_OBJC_MSGSEND = YES;
				GCC_C_LANGUAGE_STANDARD = gnu99;
				GCC_DYNAMIC_NO_PIC = NO;
				GCC_NO_COMMON_BLOCKS = YES;
				GCC_OPTIMIZATION_LEVEL = 0;
				GCC_PREPROCESSOR_DEFINITIONS = (
					"DEBUG=1",
					"$(inherited)",
				);
				GCC_SYMBOLS_PRIVATE_EXTERN = NO;
				GCC_WARN_64_TO_32_BIT_CONVERSION = YES;
				GCC_WARN_ABOUT_RETURN_TYPE = YES_ERROR;
				GCC_WARN_UNDECLARED_SELECTOR = YES;
				GCC_WARN_UNINITIALIZED_AUTOS = YES_AGGRESSIVE;
				GCC_WARN_UNUSED_FUNCTION = YES;
				GCC_WARN_UNUSED_VARIABLE = YES;
				IPHONEOS_DEPLOYMENT_TARGET = 8.4;
				MTL_ENABLE_DEBUG_INFO = YES;
				ONLY_ACTIVE_ARCH = YES;
				SDKROOT = iphoneos;
				TARGETED_DEVICE_FAMILY = "1,2";
			};
			name = Debug;
		};
		AEC3429D1B951E7100D5638E /* Release */ = {
			isa = XCBuildConfiguration;
			buildSettings = {
				ALWAYS_SEARCH_USER_PATHS = NO;
				CLANG_CXX_LANGUAGE_STANDARD = "gnu++0x";
				CLANG_CXX_LIBRARY = "libc++";
				CLANG_ENABLE_MODULES = YES;
				CLANG_ENABLE_OBJC_ARC = YES;
				CLANG_WARN_BOOL_CONVERSION = YES;
				CLANG_WARN_CONSTANT_CONVERSION = YES;
				CLANG_WARN_DIRECT_OBJC_ISA_USAGE = YES_ERROR;
				CLANG_WARN_EMPTY_BODY = YES;
				CLANG_WARN_ENUM_CONVERSION = YES;
				CLANG_WARN_INT_CONVERSION = YES;
				CLANG_WARN_OBJC_ROOT_CLASS = YES_ERROR;
				CLANG_WARN_UNREACHABLE_CODE = YES;
				CLANG_WARN__DUPLICATE_METHOD_MATCH = YES;
				"CODE_SIGN_IDENTITY[sdk=iphoneos*]" = "iPhone Developer";
				COPY_PHASE_STRIP = NO;
				DEBUG_INFORMATION_FORMAT = "dwarf-with-dsym";
				ENABLE_NS_ASSERTIONS = NO;
				ENABLE_STRICT_OBJC_MSGSEND = YES;
				GCC_C_LANGUAGE_STANDARD = gnu99;
				GCC_NO_COMMON_BLOCKS = YES;
				GCC_WARN_64_TO_32_BIT_CONVERSION = YES;
				GCC_WARN_ABOUT_RETURN_TYPE = YES_ERROR;
				GCC_WARN_UNDECLARED_SELECTOR = YES;
				GCC_WARN_UNINITIALIZED_AUTOS = YES_AGGRESSIVE;
				GCC_WARN_UNUSED_FUNCTION = YES;
				GCC_WARN_UNUSED_VARIABLE = YES;
				IPHONEOS_DEPLOYMENT_TARGET = 8.4;
				MTL_ENABLE_DEBUG_INFO = NO;
				SDKROOT = iphoneos;
				TARGETED_DEVICE_FAMILY = "1,2";
				VALIDATE_PRODUCT = YES;
			};
			name = Release;
		};
		AEC3429F1B951E7100D5638E /* Debug */ = {
			isa = XCBuildConfiguration;
			buildSettings = {
				ASSETCATALOG_COMPILER_APPICON_NAME = AppIcon;
				FRAMEWORK_SEARCH_PATHS = (
					"$(inherited)",
					"$(PROJECT_DIR)",
				);
				INFOPLIST_FILE = MapReminder/Info.plist;
				LD_RUNPATH_SEARCH_PATHS = "$(inherited) @executable_path/Frameworks";
				PRODUCT_NAME = "$(TARGET_NAME)";
			};
			name = Debug;
		};
		AEC342A01B951E7100D5638E /* Release */ = {
			isa = XCBuildConfiguration;
			buildSettings = {
				ASSETCATALOG_COMPILER_APPICON_NAME = AppIcon;
				FRAMEWORK_SEARCH_PATHS = (
					"$(inherited)",
					"$(PROJECT_DIR)",
				);
				INFOPLIST_FILE = MapReminder/Info.plist;
				LD_RUNPATH_SEARCH_PATHS = "$(inherited) @executable_path/Frameworks";
				PRODUCT_NAME = "$(TARGET_NAME)";
			};
			name = Release;
		};
		AEC342A21B951E7100D5638E /* Debug */ = {
			isa = XCBuildConfiguration;
			buildSettings = {
				BUNDLE_LOADER = "$(TEST_HOST)";
				FRAMEWORK_SEARCH_PATHS = (
					"$(SDKROOT)/Developer/Library/Frameworks",
					"$(inherited)",
				);
				GCC_PREPROCESSOR_DEFINITIONS = (
					"DEBUG=1",
					"$(inherited)",
				);
				INFOPLIST_FILE = MapReminderTests/Info.plist;
				LD_RUNPATH_SEARCH_PATHS = "$(inherited) @executable_path/Frameworks @loader_path/Frameworks";
				PRODUCT_NAME = "$(TARGET_NAME)";
				TEST_HOST = "$(BUILT_PRODUCTS_DIR)/MapReminder.app/MapReminder";
			};
			name = Debug;
		};
		AEC342A31B951E7100D5638E /* Release */ = {
			isa = XCBuildConfiguration;
			buildSettings = {
				BUNDLE_LOADER = "$(TEST_HOST)";
				FRAMEWORK_SEARCH_PATHS = (
					"$(SDKROOT)/Developer/Library/Frameworks",
					"$(inherited)",
				);
				INFOPLIST_FILE = MapReminderTests/Info.plist;
				LD_RUNPATH_SEARCH_PATHS = "$(inherited) @executable_path/Frameworks @loader_path/Frameworks";
				PRODUCT_NAME = "$(TARGET_NAME)";
				TEST_HOST = "$(BUILT_PRODUCTS_DIR)/MapReminder.app/MapReminder";
			};
			name = Release;
		};
/* End XCBuildConfiguration section */

/* Begin XCConfigurationList section */
		AEC342761B951E7100D5638E /* Build configuration list for PBXProject "MapReminder" */ = {
			isa = XCConfigurationList;
			buildConfigurations = (
				AEC3429C1B951E7100D5638E /* Debug */,
				AEC3429D1B951E7100D5638E /* Release */,
			);
			defaultConfigurationIsVisible = 0;
			defaultConfigurationName = Release;
		};
		AEC3429E1B951E7100D5638E /* Build configuration list for PBXNativeTarget "MapReminder" */ = {
			isa = XCConfigurationList;
			buildConfigurations = (
				AEC3429F1B951E7100D5638E /* Debug */,
				AEC342A01B951E7100D5638E /* Release */,
			);
			defaultConfigurationIsVisible = 0;
			defaultConfigurationName = Release;
		};
		AEC342A11B951E7100D5638E /* Build configuration list for PBXNativeTarget "MapReminderTests" */ = {
			isa = XCConfigurationList;
			buildConfigurations = (
				AEC342A21B951E7100D5638E /* Debug */,
				AEC342A31B951E7100D5638E /* Release */,
			);
			defaultConfigurationIsVisible = 0;
			defaultConfigurationName = Release;
		};
/* End XCConfigurationList section */
	};
	rootObject = AEC342731B951E7100D5638E /* Project object */;
}
